
Microsoft Visual Studio Solution File, Format Version 12.00
# Visual Studio Version 17
VisualStudioVersion = 17.3.32922.545
MinimumVisualStudioVersion = 10.0.40219.1
Project("{8BC9CEB8-8B4A-11D0-8D11-00A0C91BC942}") = "01042802_rozumni_vkazivnyk", "01042802_rozumni_vkazivnyk.vcxproj", "{0A62AF81-62F7-465B-A532-DEA88D601988}"
EndProject
Global
	GlobalSection(SolutionConfigurationPlatforms) = preSolution
		Debug|x64 = Debug|x64
		Debug|x86 = Debug|x86
		Release|x64 = Release|x64
		Release|x86 = Release|x86
	EndGlobalSection
	GlobalSection(ProjectConfigurationPlatforms) = postSolution
		{0A62AF81-62F7-465B-A532-DEA88D601988}.Debug|x64.ActiveCfg = Debug|x64
		{0A62AF81-62F7-465B-A532-DEA88D601988}.Debug|x64.Build.0 = Debug|x64
		{0A62AF81-62F7-465B-A532-DEA88D601988}.Debug|x86.ActiveCfg = Debug|Win32
		{0A62AF81-62F7-465B-A532-DEA88D601988}.Debug|x86.Build.0 = Debug|Win32
		{0A62AF81-62F7-465B-A532-DEA88D601988}.Release|x64.ActiveCfg = Release|x64
		{0A62AF81-62F7-465B-A532-DEA88D601988}.Release|x64.Build.0 = Release|x64
		{0A62AF81-62F7-465B-A532-DEA88D601988}.Release|x86.ActiveCfg = Release|Win32
		{0A62AF81-62F7-465B-A532-DEA88D601988}.Release|x86.Build.0 = Release|Win32
	EndGlobalSection
	GlobalSection(SolutionProperties) = preSolution
		HideSolutionNode = FALSE
	EndGlobalSection
	GlobalSection(ExtensibilityGlobals) = postSolution
		SolutionGuid = {AF689DBD-5C8F-46BC-8F2A-FFC709FF4B48}
	EndGlobalSection
EndGlobal
